
Microsoft Visual Studio Solution File, Format Version 12.00
# Visual Studio 15
VisualStudioVersion = 15.0.28010.2050
MinimumVisualStudioVersion = 10.0.40219.1
Project("{FAE04EC0-301F-11D3-BF4B-00C04F79EFBC}") = "Khamul", "Khamul\Khamul.csproj", "{40CE348C-1BA4-4F9D-9CA9-10B4F7226341}"
EndProject
Global
	GlobalSection(SolutionConfigurationPlatforms) = preSolution
		Debug|Any CPU = Debug|Any CPU
		Release|Any CPU = Release|Any CPU
	EndGlobalSection
	GlobalSection(ProjectConfigurationPlatforms) = postSolution
		{40CE348C-1BA4-4F9D-9CA9-10B4F7226341}.Debug|Any CPU.ActiveCfg = Debug|Any CPU
		{40CE348C-1BA4-4F9D-9CA9-10B4F7226341}.Debug|Any CPU.Build.0 = Debug|Any CPU
		{40CE348C-1BA4-4F9D-9CA9-10B4F7226341}.Release|Any CPU.ActiveCfg = Release|Any CPU
		{40CE348C-1BA4-4F9D-9CA9-10B4F7226341}.Release|Any CPU.Build.0 = Release|Any CPU
	EndGlobalSection
	GlobalSection(SolutionProperties) = preSolution
		HideSolutionNode = FALSE
	EndGlobalSection
	GlobalSection(ExtensibilityGlobals) = postSolution
		SolutionGuid = {344FF16F-7B4E-4CEE-9B14-FB8446C62C5C}
	EndGlobalSection
EndGlobal
